
Microsoft Visual Studio Solution File, Format Version 12.00
# Visual Studio 15
VisualStudioVersion = 15.0.28010.2046
MinimumVisualStudioVersion = 10.0.40219.1
Project("{FAE04EC0-301F-11D3-BF4B-00C04F79EFBC}") = "App2.Android", "App2\App2.Android\App2.Android.csproj", "{5201E000-D212-4C1F-903F-E8EFDD1DB8ED}"
EndProject
Project("{FAE04EC0-301F-11D3-BF4B-00C04F79EFBC}") = "App2.iOS", "App2\App2.iOS\App2.iOS.csproj", "{4E256323-2EB2-44D4-9A23-D1E77548406B}"
EndProject
Project("{FAE04EC0-301F-11D3-BF4B-00C04F79EFBC}") = "App2", "App2\App2\App2.csproj", "{5A301F1C-84D0-4B6B-A04F-17BD65364004}"
EndProject
Global
	GlobalSection(SolutionConfigurationPlatforms) = preSolution
		Ad-Hoc|Any CPU = Ad-Hoc|Any CPU
		Ad-Hoc|iPhone = Ad-Hoc|iPhone
		Ad-Hoc|iPhoneSimulator = Ad-Hoc|iPhoneSimulator
		AppStore|Any CPU = AppStore|Any CPU
		AppStore|iPhone = AppStore|iPhone
		AppStore|iPhoneSimulator = AppStore|iPhoneSimulator
		Debug|Any CPU = Debug|Any CPU
		Debug|iPhone = Debug|iPhone
		Debug|iPhoneSimulator = Debug|iPhoneSimulator
		Release|Any CPU = Release|Any CPU
		Release|iPhone = Release|iPhone
		Release|iPhoneSimulator = Release|iPhoneSimulator
	EndGlobalSection
	GlobalSection(ProjectConfigurationPlatforms) = postSolution
		{5201E000-D212-4C1F-903F-E8EFDD1DB8ED}.Ad-Hoc|Any CPU.ActiveCfg = Release|Any CPU
		{5201E000-D212-4C1F-903F-E8EFDD1DB8ED}.Ad-Hoc|Any CPU.Build.0 = Release|Any CPU
		{5201E000-D212-4C1F-903F-E8EFDD1DB8ED}.Ad-Hoc|Any CPU.Deploy.0 = Release|Any CPU
		{5201E000-D212-4C1F-903F-E8EFDD1DB8ED}.Ad-Hoc|iPhone.ActiveCfg = Release|Any CPU
		{5201E000-D212-4C1F-903F-E8EFDD1DB8ED}.Ad-Hoc|iPhone.Build.0 = Release|Any CPU
		{5201E000-D212-4C1F-903F-E8EFDD1DB8ED}.Ad-Hoc|iPhone.Deploy.0 = Release|Any CPU
		{5201E000-D212-4C1F-903F-E8EFDD1DB8ED}.Ad-Hoc|iPhoneSimulator.ActiveCfg = Release|Any CPU
		{5201E000-D212-4C1F-903F-E8EFDD1DB8ED}.Ad-Hoc|iPhoneSimulator.Build.0 = Release|Any CPU
		{5201E000-D212-4C1F-903F-E8EFDD1DB8ED}.Ad-Hoc|iPhoneSimulator.Deploy.0 = Release|Any CPU
		{5201E000-D212-4C1F-903F-E8EFDD1DB8ED}.AppStore|Any CPU.ActiveCfg = Release|Any CPU
		{5201E000-D212-4C1F-903F-E8EFDD1DB8ED}.AppStore|Any CPU.Build.0 = Release|Any CPU
		{5201E000-D212-4C1F-903F-E8EFDD1DB8ED}.AppStore|Any CPU.Deploy.0 = Release|Any CPU
		{5201E000-D212-4C1F-903F-E8EFDD1DB8ED}.AppStore|iPhone.ActiveCfg = Release|Any CPU
		{5201E000-D212-4C1F-903F-E8EFDD1DB8ED}.AppStore|iPhone.Build.0 = Release|Any CPU
		{5201E000-D212-4C1F-903F-E8EFDD1DB8ED}.AppStore|iPhone.Deploy.0 = Release|Any CPU
		{5201E000-D212-4C1F-903F-E8EFDD1DB8ED}.AppStore|iPhoneSimulator.ActiveCfg = Release|Any CPU
		{5201E000-D212-4C1F-903F-E8EFDD1DB8ED}.AppStore|iPhoneSimulator.Build.0 = Release|Any CPU
		{5201E000-D212-4C1F-903F-E8EFDD1DB8ED}.AppStore|iPhoneSimulator.Deploy.0 = Release|Any CPU
		{5201E000-D212-4C1F-903F-E8EFDD1DB8ED}.Debug|Any CPU.ActiveCfg = Debug|Any CPU
		{5201E000-D212-4C1F-903F-E8EFDD1DB8ED}.Debug|Any CPU.Build.0 = Debug|Any CPU
		{5201E000-D212-4C1F-903F-E8EFDD1DB8ED}.Debug|Any CPU.Deploy.0 = Debug|Any CPU
		{5201E000-D212-4C1F-903F-E8EFDD1DB8ED}.Debug|iPhone.ActiveCfg = Debug|Any CPU
		{5201E000-D212-4C1F-903F-E8EFDD1DB8ED}.Debug|iPhone.Build.0 = Debug|Any CPU
		{5201E000-D212-4C1F-903F-E8EFDD1DB8ED}.Debug|iPhone.Deploy.0 = Debug|Any CPU
		{5201E000-D212-4C1F-903F-E8EFDD1DB8ED}.Debug|iPhoneSimulator.ActiveCfg = Debug|Any CPU
		{5201E000-D212-4C1F-903F-E8EFDD1DB8ED}.Debug|iPhoneSimulator.Build.0 = Debug|Any CPU
		{5201E000-D212-4C1F-903F-E8EFDD1DB8ED}.Debug|iPhoneSimulator.Deploy.0 = Debug|Any CPU
		{5201E000-D212-4C1F-903F-E8EFDD1DB8ED}.Release|Any CPU.ActiveCfg = Release|Any CPU
		{5201E000-D212-4C1F-903F-E8EFDD1DB8ED}.Release|Any CPU.Build.0 = Release|Any CPU
		{5201E000-D212-4C1F-903F-E8EFDD1DB8ED}.Release|Any CPU.Deploy.0 = Release|Any CPU
		{5201E000-D212-4C1F-903F-E8EFDD1DB8ED}.Release|iPhone.ActiveCfg = Release|Any CPU
		{5201E000-D212-4C1F-903F-E8EFDD1DB8ED}.Release|iPhone.Build.0 = Release|Any CPU
		{5201E000-D212-4C1F-903F-E8EFDD1DB8ED}.Release|iPhone.Deploy.0 = Release|Any CPU
		{5201E000-D212-4C1F-903F-E8EFDD1DB8ED}.Release|iPhoneSimulator.ActiveCfg = Release|Any CPU
		{5201E000-D212-4C1F-903F-E8EFDD1DB8ED}.Release|iPhoneSimulator.Build.0 = Release|Any CPU
		{5201E000-D212-4C1F-903F-E8EFDD1DB8ED}.Release|iPhoneSimulator.Deploy.0 = Release|Any CPU
		{4E256323-2EB2-44D4-9A23-D1E77548406B}.Ad-Hoc|Any CPU.ActiveCfg = Ad-Hoc|iPhone
		{4E256323-2EB2-44D4-9A23-D1E77548406B}.Ad-Hoc|Any CPU.Build.0 = Ad-Hoc|iPhone
		{4E256323-2EB2-44D4-9A23-D1E77548406B}.Ad-Hoc|Any CPU.Deploy.0 = Ad-Hoc|iPhone
		{4E256323-2EB2-44D4-9A23-D1E77548406B}.Ad-Hoc|iPhone.ActiveCfg = Ad-Hoc|iPhone
		{4E256323-2EB2-44D4-9A23-D1E77548406B}.Ad-Hoc|iPhone.Build.0 = Ad-Hoc|iPhone
		{4E256323-2EB2-44D4-9A23-D1E77548406B}.Ad-Hoc|iPhone.Deploy.0 = Ad-Hoc|iPhone
		{4E256323-2EB2-44D4-9A23-D1E77548406B}.Ad-Hoc|iPhoneSimulator.ActiveCfg = Ad-Hoc|iPhoneSimulator
		{4E256323-2EB2-44D4-9A23-D1E77548406B}.Ad-Hoc|iPhoneSimulator.Build.0 = Ad-Hoc|iPhoneSimulator
		{4E256323-2EB2-44D4-9A23-D1E77548406B}.Ad-Hoc|iPhoneSimulator.Deploy.0 = Ad-Hoc|iPhoneSimulator
		{4E256323-2EB2-44D4-9A23-D1E77548406B}.AppStore|Any CPU.ActiveCfg = AppStore|iPhone
		{4E256323-2EB2-44D4-9A23-D1E77548406B}.AppStore|Any CPU.Build.0 = AppStore|iPhone
		{4E256323-2EB2-44D4-9A23-D1E77548406B}.AppStore|Any CPU.Deploy.0 = AppStore|iPhone
		{4E256323-2EB2-44D4-9A23-D1E77548406B}.AppStore|iPhone.ActiveCfg = AppStore|iPhone
		{4E256323-2EB2-44D4-9A23-D1E77548406B}.AppStore|iPhone.Build.0 = AppStore|iPhone
		{4E256323-2EB2-44D4-9A23-D1E77548406B}.AppStore|iPhone.Deploy.0 = AppStore|iPhone
		{4E256323-2EB2-44D4-9A23-D1E77548406B}.AppStore|iPhoneSimulator.ActiveCfg = AppStore|iPhoneSimulator
		{4E256323-2EB2-44D4-9A23-D1E77548406B}.AppStore|iPhoneSimulator.Build.0 = AppStore|iPhoneSimulator
		{4E256323-2EB2-44D4-9A23-D1E77548406B}.AppStore|iPhoneSimulator.Deploy.0 = AppStore|iPhoneSimulator
		{4E256323-2EB2-44D4-9A23-D1E77548406B}.Debug|Any CPU.ActiveCfg = Debug|iPhoneSimulator
		{4E256323-2EB2-44D4-9A23-D1E77548406B}.Debug|Any CPU.Build.0 = Debug|iPhoneSimulator
		{4E256323-2EB2-44D4-9A23-D1E77548406B}.Debug|Any CPU.Deploy.0 = Debug|iPhoneSimulator
		{4E256323-2EB2-44D4-9A23-D1E77548406B}.Debug|iPhone.ActiveCfg = Debug|iPhone
		{4E256323-2EB2-44D4-9A23-D1E77548406B}.Debug|iPhone.Build.0 = Debug|iPhone
		{4E256323-2EB2-44D4-9A23-D1E77548406B}.Debug|iPhone.Deploy.0 = Debug|iPhone
		{4E256323-2EB2-44D4-9A23-D1E77548406B}.Debug|iPhoneSimulator.ActiveCfg = Debug|iPhoneSimulator
		{4E256323-2EB2-44D4-9A23-D1E77548406B}.Debug|iPhoneSimulator.Build.0 = Debug|iPhoneSimulator
		{4E256323-2EB2-44D4-9A23-D1E77548406B}.Debug|iPhoneSimulator.Deploy.0 = Debug|iPhoneSimulator
		{4E256323-2EB2-44D4-9A23-D1E77548406B}.Release|Any CPU.ActiveCfg = Release|iPhone
		{4E256323-2EB2-44D4-9A23-D1E77548406B}.Release|Any CPU.Build.0 = Release|iPhone
		{4E256323-2EB2-44D4-9A23-D1E77548406B}.Release|Any CPU.Deploy.0 = Release|iPhone
		{4E256323-2EB2-44D4-9A23-D1E77548406B}.Release|iPhone.ActiveCfg = Release|iPhone
		{4E256323-2EB2-44D4-9A23-D1E77548406B}.Release|iPhone.Build.0 = Release|iPhone
		{4E256323-2EB2-44D4-9A23-D1E77548406B}.Release|iPhone.Deploy.0 = Release|iPhone
		{4E256323-2EB2-44D4-9A23-D1E77548406B}.Release|iPhoneSimulator.ActiveCfg = Release|iPhoneSimulator
		{4E256323-2EB2-44D4-9A23-D1E77548406B}.Release|iPhoneSimulator.Build.0 = Release|iPhoneSimulator
		{4E256323-2EB2-44D4-9A23-D1E77548406B}.Release|iPhoneSimulator.Deploy.0 = Release|iPhoneSimulator
		{5A301F1C-84D0-4B6B-A04F-17BD65364004}.Ad-Hoc|Any CPU.ActiveCfg = Debug|Any CPU
		{5A301F1C-84D0-4B6B-A04F-17BD65364004}.Ad-Hoc|Any CPU.Build.0 = Debug|Any CPU
		{5A301F1C-84D0-4B6B-A04F-17BD65364004}.Ad-Hoc|Any CPU.Deploy.0 = Debug|Any CPU
		{5A301F1C-84D0-4B6B-A04F-17BD65364004}.Ad-Hoc|iPhone.ActiveCfg = Debug|Any CPU
		{5A301F1C-84D0-4B6B-A04F-17BD65364004}.Ad-Hoc|iPhone.Build.0 = Debug|Any CPU
		{5A301F1C-84D0-4B6B-A04F-17BD65364004}.Ad-Hoc|iPhone.Deploy.0 = Debug|Any CPU
		{5A301F1C-84D0-4B6B-A04F-17BD65364004}.Ad-Hoc|iPhoneSimulator.ActiveCfg = Debug|Any CPU
		{5A301F1C-84D0-4B6B-A04F-17BD65364004}.Ad-Hoc|iPhoneSimulator.Build.0 = Debug|Any CPU
		{5A301F1C-84D0-4B6B-A04F-17BD65364004}.Ad-Hoc|iPhoneSimulator.Deploy.0 = Debug|Any CPU
		{5A301F1C-84D0-4B6B-A04F-17BD65364004}.AppStore|Any CPU.ActiveCfg = Debug|Any CPU
		{5A301F1C-84D0-4B6B-A04F-17BD65364004}.AppStore|Any CPU.Build.0 = Debug|Any CPU
		{5A301F1C-84D0-4B6B-A04F-17BD65364004}.AppStore|Any CPU.Deploy.0 = Debug|Any CPU
		{5A301F1C-84D0-4B6B-A04F-17BD65364004}.AppStore|iPhone.ActiveCfg = Debug|Any CPU
		{5A301F1C-84D0-4B6B-A04F-17BD65364004}.AppStore|iPhone.Build.0 = Debug|Any CPU
		{5A301F1C-84D0-4B6B-A04F-17BD65364004}.AppStore|iPhone.Deploy.0 = Debug|Any CPU
		{5A301F1C-84D0-4B6B-A04F-17BD65364004}.AppStore|iPhoneSimulator.ActiveCfg = Debug|Any CPU
		{5A301F1C-84D0-4B6B-A04F-17BD65364004}.AppStore|iPhoneSimulator.Build.0 = Debug|Any CPU
		{5A301F1C-84D0-4B6B-A04F-17BD65364004}.AppStore|iPhoneSimulator.Deploy.0 = Debug|Any CPU
		{5A301F1C-84D0-4B6B-A04F-17BD65364004}.Debug|Any CPU.ActiveCfg = Debug|Any CPU
		{5A301F1C-84D0-4B6B-A04F-17BD65364004}.Debug|Any CPU.Build.0 = Debug|Any CPU
		{5A301F1C-84D0-4B6B-A04F-17BD65364004}.Debug|Any CPU.Deploy.0 = Debug|Any CPU
		{5A301F1C-84D0-4B6B-A04F-17BD65364004}.Debug|iPhone.ActiveCfg = Debug|Any CPU
		{5A301F1C-84D0-4B6B-A04F-17BD65364004}.Debug|iPhone.Build.0 = Debug|Any CPU
		{5A301F1C-84D0-4B6B-A04F-17BD65364004}.Debug|iPhone.Deploy.0 = Debug|Any CPU
		{5A301F1C-84D0-4B6B-A04F-17BD65364004}.Debug|iPhoneSimulator.ActiveCfg = Debug|Any CPU
		{5A301F1C-84D0-4B6B-A04F-17BD65364004}.Debug|iPhoneSimulator.Build.0 = Debug|Any CPU
		{5A301F1C-84D0-4B6B-A04F-17BD65364004}.Debug|iPhoneSimulator.Deploy.0 = Debug|Any CPU
		{5A301F1C-84D0-4B6B-A04F-17BD65364004}.Release|Any CPU.ActiveCfg = Release|Any CPU
		{5A301F1C-84D0-4B6B-A04F-17BD65364004}.Release|Any CPU.Build.0 = Release|Any CPU
		{5A301F1C-84D0-4B6B-A04F-17BD65364004}.Release|Any CPU.Deploy.0 = Release|Any CPU
		{5A301F1C-84D0-4B6B-A04F-17BD65364004}.Release|iPhone.ActiveCfg = Release|Any CPU
		{5A301F1C-84D0-4B6B-A04F-17BD65364004}.Release|iPhone.Build.0 = Release|Any CPU
		{5A301F1C-84D0-4B6B-A04F-17BD65364004}.Release|iPhone.Deploy.0 = Release|Any CPU
		{5A301F1C-84D0-4B6B-A04F-17BD65364004}.Release|iPhoneSimulator.ActiveCfg = Release|Any CPU
		{5A301F1C-84D0-4B6B-A04F-17BD65364004}.Release|iPhoneSimulator.Build.0 = Release|Any CPU
		{5A301F1C-84D0-4B6B-A04F-17BD65364004}.Release|iPhoneSimulator.Deploy.0 = Release|Any CPU
	EndGlobalSection
	GlobalSection(SolutionProperties) = preSolution
		HideSolutionNode = FALSE
	EndGlobalSection
	GlobalSection(ExtensibilityGlobals) = postSolution
		SolutionGuid = {3FBD0A0F-C443-45C7-B9DC-1BA083EA9000}
	EndGlobalSection
EndGlobal
